
Microsoft Visual Studio Solution File, Format Version 12.00
# Visual Studio Version 17
VisualStudioVersion = 17.9.34622.214
MinimumVisualStudioVersion = 10.0.40219.1
Project("{FAE04EC0-301F-11D3-BF4B-00C04F79EFBC}") = "ConsoleApp3", "ConsoleApp3\ConsoleApp3.csproj", "{AEF0B48B-FF70-4F33-89E0-6874AD140438}"
EndProject
Global
	GlobalSection(SolutionConfigurationPlatforms) = preSolution
		Debug|Any CPU = Debug|Any CPU
		Release|Any CPU = Release|Any CPU
	EndGlobalSection
	GlobalSection(ProjectConfigurationPlatforms) = postSolution
		{AEF0B48B-FF70-4F33-89E0-6874AD140438}.Debug|Any CPU.ActiveCfg = Debug|Any CPU
		{AEF0B48B-FF70-4F33-89E0-6874AD140438}.Debug|Any CPU.Build.0 = Debug|Any CPU
		{AEF0B48B-FF70-4F33-89E0-6874AD140438}.Release|Any CPU.ActiveCfg = Release|Any CPU
		{AEF0B48B-FF70-4F33-89E0-6874AD140438}.Release|Any CPU.Build.0 = Release|Any CPU
	EndGlobalSection
	GlobalSection(SolutionProperties) = preSolution
		HideSolutionNode = FALSE
	EndGlobalSection
	GlobalSection(ExtensibilityGlobals) = postSolution
		SolutionGuid = {F37D2511-4449-4663-A3CB-4E9186524571}
	EndGlobalSection
EndGlobal
