
Microsoft Visual Studio Solution File, Format Version 12.00
# Visual Studio Version 17
VisualStudioVersion = 17.9.34622.214
MinimumVisualStudioVersion = 10.0.40219.1
Project("{FAE04EC0-301F-11D3-BF4B-00C04F79EFBC}") = "Player", "Player\Player.csproj", "{30B37F0F-3B29-4EC0-AF7C-8BDE74B1C664}"
EndProject
Global
	GlobalSection(SolutionConfigurationPlatforms) = preSolution
		Debug|Any CPU = Debug|Any CPU
		Release|Any CPU = Release|Any CPU
	EndGlobalSection
	GlobalSection(ProjectConfigurationPlatforms) = postSolution
		{30B37F0F-3B29-4EC0-AF7C-8BDE74B1C664}.Debug|Any CPU.ActiveCfg = Debug|Any CPU
		{30B37F0F-3B29-4EC0-AF7C-8BDE74B1C664}.Debug|Any CPU.Build.0 = Debug|Any CPU
		{30B37F0F-3B29-4EC0-AF7C-8BDE74B1C664}.Release|Any CPU.ActiveCfg = Release|Any CPU
		{30B37F0F-3B29-4EC0-AF7C-8BDE74B1C664}.Release|Any CPU.Build.0 = Release|Any CPU
	EndGlobalSection
	GlobalSection(SolutionProperties) = preSolution
		HideSolutionNode = FALSE
	EndGlobalSection
	GlobalSection(ExtensibilityGlobals) = postSolution
		SolutionGuid = {35AE46AF-019E-4C5F-98BB-EF7B33E3EBC7}
	EndGlobalSection
EndGlobal
